# THIS IS AN AUTOGENERATED FILE. DO NOT EDIT THIS FILE DIRECTLY.
# yarn lockfile v1


vueperslides@^3.5.1:
  version "3.5.1"
  resolved "https://registry.yarnpkg.com/vueperslides/-/vueperslides-3.5.1.tgz#b1a04ffbf3e1ceb48f32cd69b55a7d83def1a8e9"
  integrity sha512-g/Lauv1svlSaERzLNeys0oeLmpDFiXkIa+lxg+lJma6m6wXqJKzKKVIi8Kvc95XPnl42n7PYYJyr0+FMV6WZGw==
